
Microsoft Visual Studio Solution File, Format Version 12.00
# Visual Studio Version 17
VisualStudioVersion = 17.3.32929.385
MinimumVisualStudioVersion = 10.0.40219.1
Project("{2150E333-8FDC-42A3-9474-1A3956D46DE8}") = "Documentation", "Documentation", "{08F4E0BB-E1D1-44AB-9E08-8DA3C2D8CEB9}"
	ProjectSection(SolutionItems) = preProject
		FILTERS.md = FILTERS.md
		README.md = README.md
		..\TODO.md = ..\TODO.md
	EndProjectSection
EndProject
Project("{9A19103F-16F7-4668-BE54-9A1E7A4F7556}") = "ArcadeManager", "ArcadeManager\ArcadeManager.csproj", "{88A30DEA-0D90-4160-A770-5F575BA08BA2}"
EndProject
Project("{FAE04EC0-301F-11D3-BF4B-00C04F79EFBC}") = "ArcadeManager.Core", "ArcadeManager.Core\ArcadeManager.Core.csproj", "{F6918920-5AD2-44B1-B772-5E27D80EEB0B}"
EndProject
Project("{FAE04EC0-301F-11D3-BF4B-00C04F79EFBC}") = "ArcadeManager.Core.Tests", "ArcadeManager.Core.Tests\ArcadeManager.Core.Tests.csproj", "{73460E1D-AA4D-49F0-899D-C363762EAA7B}"
EndProject
Global
	GlobalSection(SolutionConfigurationPlatforms) = preSolution
		Debug|Any CPU = Debug|Any CPU
		Release|Any CPU = Release|Any CPU
	EndGlobalSection
	GlobalSection(ProjectConfigurationPlatforms) = postSolution
		{88A30DEA-0D90-4160-A770-5F575BA08BA2}.Debug|Any CPU.ActiveCfg = Debug|Any CPU
		{88A30DEA-0D90-4160-A770-5F575BA08BA2}.Debug|Any CPU.Build.0 = Debug|Any CPU
		{88A30DEA-0D90-4160-A770-5F575BA08BA2}.Release|Any CPU.ActiveCfg = Release|Any CPU
		{88A30DEA-0D90-4160-A770-5F575BA08BA2}.Release|Any CPU.Build.0 = Release|Any CPU
		{F6918920-5AD2-44B1-B772-5E27D80EEB0B}.Debug|Any CPU.ActiveCfg = Debug|Any CPU
		{F6918920-5AD2-44B1-B772-5E27D80EEB0B}.Debug|Any CPU.Build.0 = Debug|Any CPU
		{F6918920-5AD2-44B1-B772-5E27D80EEB0B}.Release|Any CPU.ActiveCfg = Release|Any CPU
		{F6918920-5AD2-44B1-B772-5E27D80EEB0B}.Release|Any CPU.Build.0 = Release|Any CPU
		{73460E1D-AA4D-49F0-899D-C363762EAA7B}.Debug|Any CPU.ActiveCfg = Debug|Any CPU
		{73460E1D-AA4D-49F0-899D-C363762EAA7B}.Debug|Any CPU.Build.0 = Debug|Any CPU
		{73460E1D-AA4D-49F0-899D-C363762EAA7B}.Release|Any CPU.ActiveCfg = Release|Any CPU
		{73460E1D-AA4D-49F0-899D-C363762EAA7B}.Release|Any CPU.Build.0 = Release|Any CPU
	EndGlobalSection
	GlobalSection(SolutionProperties) = preSolution
		HideSolutionNode = FALSE
	EndGlobalSection
	GlobalSection(ExtensibilityGlobals) = postSolution
		SolutionGuid = {293719ED-EDF9-429F-A398-782A18393219}
	EndGlobalSection
EndGlobal
